
Microsoft Visual Studio Solution File, Format Version 12.00
# Visual Studio Version 17
VisualStudioVersion = 17.11.35327.3
MinimumVisualStudioVersion = 10.0.40219.1
Project("{FAE04EC0-301F-11D3-BF4B-00C04F79EFBC}") = "Ejercicio13", "Ejercicio13\Ejercicio13.csproj", "{0C11B422-74FF-45AF-9366-7DF7CA7EB258}"
EndProject
Global
	GlobalSection(SolutionConfigurationPlatforms) = preSolution
		Debug|Any CPU = Debug|Any CPU
		Release|Any CPU = Release|Any CPU
	EndGlobalSection
	GlobalSection(ProjectConfigurationPlatforms) = postSolution
		{0C11B422-74FF-45AF-9366-7DF7CA7EB258}.Debug|Any CPU.ActiveCfg = Debug|Any CPU
		{0C11B422-74FF-45AF-9366-7DF7CA7EB258}.Debug|Any CPU.Build.0 = Debug|Any CPU
		{0C11B422-74FF-45AF-9366-7DF7CA7EB258}.Release|Any CPU.ActiveCfg = Release|Any CPU
		{0C11B422-74FF-45AF-9366-7DF7CA7EB258}.Release|Any CPU.Build.0 = Release|Any CPU
	EndGlobalSection
	GlobalSection(SolutionProperties) = preSolution
		HideSolutionNode = FALSE
	EndGlobalSection
	GlobalSection(ExtensibilityGlobals) = postSolution
		SolutionGuid = {6D33F69A-5862-4EE7-AF5B-512321B68FC1}
	EndGlobalSection
EndGlobal
